<?xml version="1.0" encoding="utf-8"?>
<Project xmlns="http://schemas.microsoft.com/developer/msbuild/2003">
  <ItemGroup>
    <Filter Include="Form Files">
      <UniqueIdentifier>{99349809-55BA-4b9d-BF79-8FDBB0286EB3}</UniqueIdentifier>
      <Extensions>ui</Extensions>
      <ParseFiles>false</ParseFiles>
    </Filter>
    <Filter Include="Form Files">
      <UniqueIdentifier>{99349809-55BA-4b9d-BF79-8FDBB0286EB3}</UniqueIdentifier>
      <Extensions>ui</Extensions>
      <ParseFiles>false</ParseFiles>
    </Filter>
    <Filter Include="Generated Files">
      <UniqueIdentifier>{71ED8ED8-ACB9-4CE9-BBE1-E00B30144E11}</UniqueIdentifier>
      <Extensions>cpp;c;cxx;moc;h;def;odl;idl;res;</Extensions>
    </Filter>
    <Filter Include="Generated Files">
      <UniqueIdentifier>{71ED8ED8-ACB9-4CE9-BBE1-E00B30144E11}</UniqueIdentifier>
      <Extensions>cpp;c;cxx;moc;h;def;odl;idl;res;</Extensions>
    </Filter>
    <Filter Include="Header Files">
      <UniqueIdentifier>{93995380-89BD-4b04-88EB-625FBE52EBFB}</UniqueIdentifier>
      <Extensions>h;hpp;hxx;hm;inl;inc;xsd</Extensions>
    </Filter>
    <Filter Include="Header Files">
      <UniqueIdentifier>{93995380-89BD-4b04-88EB-625FBE52EBFB}</UniqueIdentifier>
      <Extensions>h;hpp;hxx;hm;inl;inc;xsd</Extensions>
    </Filter>
    <Filter Include="Resource Files">
      <UniqueIdentifier>{D9D6E242-F8AF-46E4-B9FD-80ECBC20BA3E}</UniqueIdentifier>
      <Extensions>qrc;*</Extensions>
      <ParseFiles>false</ParseFiles>
    </Filter>
    <Filter Include="Resource Files">
      <UniqueIdentifier>{D9D6E242-F8AF-46E4-B9FD-80ECBC20BA3E}</UniqueIdentifier>
      <Extensions>qrc;*</Extensions>
      <ParseFiles>false</ParseFiles>
    </Filter>
    <Filter Include="Source Files">
      <UniqueIdentifier>{4FC737F1-C7A5-4376-A066-2A32D752A2FF}</UniqueIdentifier>
      <Extensions>cpp;c;cxx;def;odl;idl;hpj;bat;asm;asmx</Extensions>
    </Filter>
    <Filter Include="Source Files">
      <UniqueIdentifier>{4FC737F1-C7A5-4376-A066-2A32D752A2FF}</UniqueIdentifier>
      <Extensions>cpp;c;cxx;def;odl;idl;hpj;bat;asm;asmx</Extensions>
    </Filter>
    <Filter Include="Widgets">
      <UniqueIdentifier>{1a0bc2f8-70dc-43c5-ab86-2712d97eede5}</UniqueIdentifier>
    </Filter>
    <Filter Include="Models">
      <UniqueIdentifier>{31511009-1f03-4038-9dc9-c8902f24425d}</UniqueIdentifier>
    </Filter>
    <Filter Include="qsn">
      <UniqueIdentifier>{66e750ba-fb91-4712-91ac-1ee6edc69755}</UniqueIdentifier>
    </Filter>
    <Filter Include="qsn\Structures">
      <UniqueIdentifier>{7915ec52-a104-40df-9016-f26ec68415d1}</UniqueIdentifier>
    </Filter>
    <Filter Include="qsn\Utils">
      <UniqueIdentifier>{cce4703e-522b-46b4-968b-f1b26353c0db}</UniqueIdentifier>
    </Filter>
  </ItemGroup>
  <ItemGroup>
    <QtRcc Include="Sniffer.qrc">
      <Filter>Resource Files</Filter>
    </QtRcc>
  </ItemGroup>
  <ItemGroup>
    <ResourceCompile Include="Sniffer.rc" />
  </ItemGroup>
  <ItemGroup>
    <QtUic Include="Forms\MainWindow.ui">
      <Filter>Form Files</Filter>
    </QtUic>
    <QtUic Include="Forms\DeviceListWidget.ui">
      <Filter>Form Files</Filter>
    </QtUic>
  </ItemGroup>
  <ItemGroup>
    <ClCompile Include="Src\MainWindow.cpp">
      <Filter>Source Files</Filter>
    </ClCompile>
    <ClCompile Include="Src\main.cpp">
      <Filter>Source Files</Filter>
    </ClCompile>
    <ClCompile Include="Src\stdafx.cpp">
      <Filter>Source Files</Filter>
    </ClCompile>
    <ClCompile Include="Src\Widgets\LogWidget.cpp">
      <Filter>Widgets</Filter>
    </ClCompile>
    <ClCompile Include="Src\Widgets\DeviceListWidget.cpp">
      <Filter>Widgets</Filter>
    </ClCompile>
    <ClCompile Include="Src\qsn\Structures\IPv4Interface.cpp">
      <Filter>qsn\Structures</Filter>
    </ClCompile>
    <ClCompile Include="Src\qsn\FilterGenerator.cpp">
      <Filter>qsn</Filter>
    </ClCompile>
    <ClCompile Include="Src\qsn\AdapterManager.cpp">
      <Filter>qsn</Filter>
    </ClCompile>
    <ClCompile Include="Src\qsn\Adapter.cpp">
      <Filter>qsn</Filter>
    </ClCompile>
    <ClCompile Include="Src\qsn\Interpreter.cpp">
      <Filter>qsn</Filter>
    </ClCompile>
    <ClCompile Include="TimeFormatter.cpp">
      <Filter>Source Files</Filter>
    </ClCompile>
    <ClCompile Include="Src\qsn\FrameListener.cpp">
      <Filter>qsn</Filter>
    </ClCompile>
    <ClCompile Include="Src\Models\FramesModel.cpp">
      <Filter>Models</Filter>
    </ClCompile>
    <ClCompile Include="Src\qsn\FramesStash.cpp">
      <Filter>qsn</Filter>
    </ClCompile>
    <ClCompile Include="Src\Widgets\FramesTableView.cpp">
      <Filter>Widgets</Filter>
    </ClCompile>
  </ItemGroup>
  <ItemGroup>
    <QtMoc Include="Src\MainWindow.h">
      <Filter>Header Files</Filter>
    </QtMoc>
    <QtMoc Include="Src\Widgets\LogWidget.hpp">
      <Filter>Widgets</Filter>
    </QtMoc>
    <QtMoc Include="Src\Widgets\DeviceListWidget.h">
      <Filter>Widgets</Filter>
    </QtMoc>
    <QtMoc Include="Src\qsn\Utils\Logger.hpp">
      <Filter>qsn\Utils</Filter>
    </QtMoc>
    <QtMoc Include="Src\Widgets\FramesTableView.h">
      <Filter>Widgets</Filter>
    </QtMoc>
    <QtMoc Include="Src\Models\FramesModel.h">
      <Filter>Models</Filter>
    </QtMoc>
  </ItemGroup>
  <ItemGroup>
    <ClInclude Include="Src\stdafx.h">
      <Filter>Header Files</Filter>
    </ClInclude>
    <ClInclude Include="Src\qsn\Structures\EthernetHeader.h">
      <Filter>qsn\Structures</Filter>
    </ClInclude>
    <ClInclude Include="Src\qsn\Structures\IPv4Header.h">
      <Filter>qsn\Structures</Filter>
    </ClInclude>
    <ClInclude Include="Src\qsn\Structures\IPv4Interface.h">
      <Filter>qsn\Structures</Filter>
    </ClInclude>
    <ClInclude Include="Src\qsn\Structures\Types.h">
      <Filter>qsn\Structures</Filter>
    </ClInclude>
    <ClInclude Include="Src\qsn\Structures\UDPHeader.h">
      <Filter>qsn\Structures</Filter>
    </ClInclude>
    <ClInclude Include="Src\qsn\Printer.h">
      <Filter>qsn</Filter>
    </ClInclude>
    <ClInclude Include="Src\qsn\FilterGenerator.h">
      <Filter>qsn</Filter>
    </ClInclude>
    <ClInclude Include="Src\qsn\AdapterManager.h">
      <Filter>qsn</Filter>
    </ClInclude>
    <ClInclude Include="Src\qsn\Adapter.h">
      <Filter>qsn</Filter>
    </ClInclude>
    <ClInclude Include="Src\qsn\Interpreter.h">
      <Filter>qsn</Filter>
    </ClInclude>
    <ClInclude Include="Src\qsn\Utils\Helper.h">
      <Filter>qsn\Utils</Filter>
    </ClInclude>
    <ClInclude Include="Src\qsn\Utils\Stoppable.h">
      <Filter>qsn\Utils</Filter>
    </ClInclude>
    <ClInclude Include="TimeFormatter.h">
      <Filter>Header Files</Filter>
    </ClInclude>
    <ClInclude Include="Src\qsn\Structures\RawFrame.h">
      <Filter>qsn\Structures</Filter>
    </ClInclude>
    <ClInclude Include="Src\qsn\FrameListener.h">
      <Filter>qsn</Filter>
    </ClInclude>
    <ClInclude Include="Src\qsn\FramesStash.h">
      <Filter>qsn</Filter>
    </ClInclude>
    <ClInclude Include="Src\qsn\Segment.h">
      <Filter>qsn\Structures</Filter>
    </ClInclude>
    <ClInclude Include="Src\qsn\Packet.h">
      <Filter>qsn\Structures</Filter>
    </ClInclude>
    <ClInclude Include="Src\qsn\Frame.h">
      <Filter>qsn\Structures</Filter>
    </ClInclude>
  </ItemGroup>
</Project>